<?xml version="1.0" encoding="utf-8"?>
<Project ToolsVersion="4.0" xmlns="http://schemas.microsoft.com/developer/msbuild/2003">
  <ItemGroup>
    <Filter Include="Source Files">
      <UniqueIdentifier>{4FC737F1-C7A5-4376-A066-2A32D752A2FF}</UniqueIdentifier>
      <Extensions>cpp;c;cc;cxx;c++;cppm;ixx;def;odl;idl;hpj;bat;asm;asmx</Extensions>
    </Filter>
    <Filter Include="Header Files">
      <UniqueIdentifier>{93995380-89BD-4b04-88EB-625FBE52EBFB}</UniqueIdentifier>
      <Extensions>h;hh;hpp;hxx;h++;hm;inl;inc;ipp;xsd</Extensions>
    </Filter>
    <Filter Include="Resource Files">
      <UniqueIdentifier>{67DA6AB6-F800-4c08-8B7A-83BB121AAD01}</UniqueIdentifier>
      <Extensions>rc;ico;cur;bmp;dlg;rc2;rct;bin;rgs;gif;jpg;jpeg;jpe;resx;tiff;tif;png;wav;mfcribbon-ms</Extensions>
    </Filter>
    <Filter Include="Source Files\game src">
      <UniqueIdentifier>{9902ee2e-c1c4-4132-98db-ef78fe3569de}</UniqueIdentifier>
    </Filter>
    <Filter Include="Source Files\engine src">
      <UniqueIdentifier>{ba3ace6b-58cd-4f15-83b5-9b4b3e76d7cd}</UniqueIdentifier>
    </Filter>
    <Filter Include="Header Files\engine src">
      <UniqueIdentifier>{cb85a777-0c84-4f83-9718-4cf0db2faa55}</UniqueIdentifier>
    </Filter>
    <Filter Include="Header Files\game src">
      <UniqueIdentifier>{3680ab8b-acb2-48ab-bc58-a031ee42ddca}</UniqueIdentifier>
    </Filter>
  </ItemGroup>
  <ItemGroup>
    <ClCompile Include="extern\glad\src\glad.c">
      <Filter>Source Files</Filter>
    </ClCompile>
    <ClCompile Include="engine\Window.cpp">
      <Filter>Source Files\engine src</Filter>
    </ClCompile>
    <ClCompile Include="engine\Time.cpp">
      <Filter>Source Files\engine src</Filter>
    </ClCompile>
    <ClCompile Include="engine\renderer\Renderer.cpp">
      <Filter>Source Files\engine src</Filter>
    </ClCompile>
    <ClCompile Include="main.cpp">
      <Filter>Source Files\engine src</Filter>
    </ClCompile>
    <ClCompile Include="engine\Logger.cpp">
      <Filter>Source Files\engine src</Filter>
    </ClCompile>
    <ClCompile Include="engine\KeyInput.cpp">
      <Filter>Source Files\engine src</Filter>
    </ClCompile>
    <ClCompile Include="engine\Engine.cpp">
      <Filter>Source Files\engine src</Filter>
    </ClCompile>
    <ClCompile Include="engine\console\CVar.cpp">
      <Filter>Source Files\engine src</Filter>
    </ClCompile>
    <ClCompile Include="engine\console\Console.cpp">
      <Filter>Source Files\engine src</Filter>
    </ClCompile>
    <ClCompile Include="engine\Camera.cpp">
      <Filter>Source Files\engine src</Filter>
    </ClCompile>
    <ClCompile Include="game\src\PolyBreakable.cpp">
      <Filter>Source Files\game src</Filter>
    </ClCompile>
    <ClCompile Include="engine\BSPReader.cpp">
      <Filter>Source Files\engine src</Filter>
    </ClCompile>
    <ClCompile Include="game\src\EntityParser.cpp">
      <Filter>Source Files\game src</Filter>
    </ClCompile>
    <ClCompile Include="game\src\Player.cpp">
      <Filter>Source Files\game src</Filter>
    </ClCompile>
    <ClCompile Include="engine\WadFile.cpp">
      <Filter>Source Files\engine src</Filter>
    </ClCompile>
    <ClCompile Include="engine\BSPMap.cpp">
      <Filter>Source Files\engine src</Filter>
    </ClCompile>
    <ClCompile Include="engine\Frustum.cpp">
      <Filter>Source Files\engine src</Filter>
    </ClCompile>
    <ClCompile Include="engine\MapLoader.cpp">
      <Filter>Source Files\engine src</Filter>
    </ClCompile>
    <ClCompile Include="engine\PlayerMovement.cpp">
      <Filter>Source Files\engine src</Filter>
    </ClCompile>
    <ClCompile Include="engine\GLExtensions.cpp">
      <Filter>Source Files\engine src</Filter>
    </ClCompile>
    <ClCompile Include="engine\TGALoader.cpp">
      <Filter>Source Files\engine src</Filter>
    </ClCompile>
    <ClCompile Include="engine\Skybox.cpp">
      <Filter>Source Files\engine src</Filter>
    </ClCompile>
    <ClCompile Include="engine\HUD.cpp">
      <Filter>Source Files\engine src</Filter>
    </ClCompile>
  </ItemGroup>
  <ItemGroup>
    <ClInclude Include="engine\Camera.h">
      <Filter>Header Files\engine src</Filter>
    </ClInclude>
    <ClInclude Include="engine\console\Console.h">
      <Filter>Header Files\engine src</Filter>
    </ClInclude>
    <ClInclude Include="engine\console\CVar.h">
      <Filter>Header Files\engine src</Filter>
    </ClInclude>
    <ClInclude Include="engine\Engine.h">
      <Filter>Header Files\engine src</Filter>
    </ClInclude>
    <ClInclude Include="engine\KeyInput.h">
      <Filter>Header Files\engine src</Filter>
    </ClInclude>
    <ClInclude Include="engine\Logger.h">
      <Filter>Header Files\engine src</Filter>
    </ClInclude>
    <ClInclude Include="engine\renderer\Renderer.h">
      <Filter>Header Files\engine src</Filter>
    </ClInclude>
    <ClInclude Include="engine\Time.h">
      <Filter>Header Files\engine src</Filter>
    </ClInclude>
    <ClInclude Include="engine\Window.h">
      <Filter>Header Files\engine src</Filter>
    </ClInclude>
    <ClInclude Include="game\src\e_TriggerBase.h">
      <Filter>Header Files\game src</Filter>
    </ClInclude>
    <ClInclude Include="game\src\e_PolyBase.h">
      <Filter>Header Files\game src</Filter>
    </ClInclude>
    <ClInclude Include="game\src\e_BotBase.h">
      <Filter>Header Files\game src</Filter>
    </ClInclude>
    <ClInclude Include="game\src\e_ItemBase.h">
      <Filter>Header Files\game src</Filter>
    </ClInclude>
    <ClInclude Include="game\src\PolyBreakable.h">
      <Filter>Header Files\game src</Filter>
    </ClInclude>
    <ClInclude Include="engine\BSPReader.h">
      <Filter>Header Files\engine src</Filter>
    </ClInclude>
    <ClInclude Include="game\src\EntityParser.h">
      <Filter>Header Files\game src</Filter>
    </ClInclude>
    <ClInclude Include="game\src\Player.h">
      <Filter>Header Files\game src</Filter>
    </ClInclude>
    <ClInclude Include="game\src\Weapons.h">
      <Filter>Header Files\game src</Filter>
    </ClInclude>
    <ClInclude Include="resource.h">
      <Filter>Header Files</Filter>
    </ClInclude>
    <ClInclude Include="engine\WadFile.h">
      <Filter>Header Files\engine src</Filter>
    </ClInclude>
    <ClInclude Include="engine\BSPFormat.h">
      <Filter>Header Files\engine src</Filter>
    </ClInclude>
    <ClInclude Include="engine\BSPMap.h">
      <Filter>Header Files\engine src</Filter>
    </ClInclude>
    <ClInclude Include="engine\Frustum.h">
      <Filter>Header Files\engine src</Filter>
    </ClInclude>
    <ClInclude Include="engine\MapLoader.h">
      <Filter>Header Files\engine src</Filter>
    </ClInclude>
    <ClInclude Include="engine\PlayerMovement.h">
      <Filter>Header Files\engine src</Filter>
    </ClInclude>
    <ClInclude Include="engine\GLExtensions.h">
      <Filter>Header Files\engine src</Filter>
    </ClInclude>
    <ClInclude Include="engine\TGALoader.h">
      <Filter>Header Files\engine src</Filter>
    </ClInclude>
    <ClInclude Include="engine\Skybox.h">
      <Filter>Header Files\engine src</Filter>
    </ClInclude>
    <ClInclude Include="engine\HUD.h">
      <Filter>Header Files\engine src</Filter>
    </ClInclude>
  </ItemGroup>
  <ItemGroup>
    <ResourceCompile Include="Yardtech 1.rc">
      <Filter>Resource Files</Filter>
    </ResourceCompile>
  </ItemGroup>
  <ItemGroup>
    <Image Include="x64\Release\GB1.ico">
      <Filter>Resource Files</Filter>
    </Image>
  </ItemGroup>
</Project>